
Microsoft Visual Studio Solution File, Format Version 12.00
Project("{FAE04EC0-301F-11D3-BF4B-00C04F79EFBC}") = "Spreadsheet_Apram_Cherra", "Spreadsheet_Apram_Cherra\Spreadsheet_Apram_Cherra.csproj", "{7CFA9FB2-8EF4-4949-AF20-AA2107820791}"
EndProject
Project("{FAE04EC0-301F-11D3-BF4B-00C04F79EFBC}") = "SpreadsheetEngine", "SpreadsheetEngine\SpreadsheetEngine.csproj", "{CFB95F41-5099-4D64-BD42-31CCE7BFC1B2}"
EndProject
Project("{FAE04EC0-301F-11D3-BF4B-00C04F79EFBC}") = "Spreadsheet_Apram_Cherra_Tests", "Spreadsheet_Apram_Cherra_Tests\Spreadsheet_Apram_Cherra_Tests.csproj", "{5A2CD503-F804-4A8D-A0E1-E2EA26EBE35A}"
EndProject
Project("{FAE04EC0-301F-11D3-BF4B-00C04F79EFBC}") = "HW5", "HW5\HW5.csproj", "{198B8135-BCCA-4794-B633-4817B3C35A4F}"
EndProject
Global
	GlobalSection(SolutionConfigurationPlatforms) = preSolution
		Debug|Any CPU = Debug|Any CPU
		Release|Any CPU = Release|Any CPU
	EndGlobalSection
	GlobalSection(ProjectConfigurationPlatforms) = postSolution
		{7CFA9FB2-8EF4-4949-AF20-AA2107820791}.Debug|Any CPU.ActiveCfg = Debug|Any CPU
		{7CFA9FB2-8EF4-4949-AF20-AA2107820791}.Debug|Any CPU.Build.0 = Debug|Any CPU
		{7CFA9FB2-8EF4-4949-AF20-AA2107820791}.Release|Any CPU.ActiveCfg = Release|Any CPU
		{7CFA9FB2-8EF4-4949-AF20-AA2107820791}.Release|Any CPU.Build.0 = Release|Any CPU
		{CFB95F41-5099-4D64-BD42-31CCE7BFC1B2}.Debug|Any CPU.ActiveCfg = Debug|Any CPU
		{CFB95F41-5099-4D64-BD42-31CCE7BFC1B2}.Debug|Any CPU.Build.0 = Debug|Any CPU
		{CFB95F41-5099-4D64-BD42-31CCE7BFC1B2}.Release|Any CPU.ActiveCfg = Release|Any CPU
		{CFB95F41-5099-4D64-BD42-31CCE7BFC1B2}.Release|Any CPU.Build.0 = Release|Any CPU
		{5A2CD503-F804-4A8D-A0E1-E2EA26EBE35A}.Debug|Any CPU.ActiveCfg = Debug|Any CPU
		{5A2CD503-F804-4A8D-A0E1-E2EA26EBE35A}.Debug|Any CPU.Build.0 = Debug|Any CPU
		{5A2CD503-F804-4A8D-A0E1-E2EA26EBE35A}.Release|Any CPU.ActiveCfg = Release|Any CPU
		{5A2CD503-F804-4A8D-A0E1-E2EA26EBE35A}.Release|Any CPU.Build.0 = Release|Any CPU
		{198B8135-BCCA-4794-B633-4817B3C35A4F}.Debug|Any CPU.ActiveCfg = Debug|Any CPU
		{198B8135-BCCA-4794-B633-4817B3C35A4F}.Debug|Any CPU.Build.0 = Debug|Any CPU
		{198B8135-BCCA-4794-B633-4817B3C35A4F}.Release|Any CPU.ActiveCfg = Release|Any CPU
		{198B8135-BCCA-4794-B633-4817B3C35A4F}.Release|Any CPU.Build.0 = Release|Any CPU
	EndGlobalSection
EndGlobal
