
Microsoft Visual Studio Solution File, Format Version 12.00
Project("{FAE04EC0-301F-11D3-BF4B-00C04F79EFBC}") = "FinalExam", "FinalExam\FinalExam.csproj", "{5F4D07F7-637C-4AF7-AA69-F946637866F6}"
EndProject
Project("{FAE04EC0-301F-11D3-BF4B-00C04F79EFBC}") = "FinalExamTests", "FinalExamTests\FinalExamTests.csproj", "{A6940849-73CC-47E5-818E-B35E32B9FC1B}"
EndProject
Global
	GlobalSection(SolutionConfigurationPlatforms) = preSolution
		Debug|Any CPU = Debug|Any CPU
		Release|Any CPU = Release|Any CPU
	EndGlobalSection
	GlobalSection(ProjectConfigurationPlatforms) = postSolution
		{5F4D07F7-637C-4AF7-AA69-F946637866F6}.Debug|Any CPU.ActiveCfg = Debug|Any CPU
		{5F4D07F7-637C-4AF7-AA69-F946637866F6}.Debug|Any CPU.Build.0 = Debug|Any CPU
		{5F4D07F7-637C-4AF7-AA69-F946637866F6}.Release|Any CPU.ActiveCfg = Release|Any CPU
		{5F4D07F7-637C-4AF7-AA69-F946637866F6}.Release|Any CPU.Build.0 = Release|Any CPU
		{A6940849-73CC-47E5-818E-B35E32B9FC1B}.Debug|Any CPU.ActiveCfg = Debug|Any CPU
		{A6940849-73CC-47E5-818E-B35E32B9FC1B}.Debug|Any CPU.Build.0 = Debug|Any CPU
		{A6940849-73CC-47E5-818E-B35E32B9FC1B}.Release|Any CPU.ActiveCfg = Release|Any CPU
		{A6940849-73CC-47E5-818E-B35E32B9FC1B}.Release|Any CPU.Build.0 = Release|Any CPU
	EndGlobalSection
EndGlobal
